// !$*UTF8*$!
{
	archiveVersion = 1;
	classes = {
	};
	objectVersion = 56;
	objects = {

/* Begin PBXBuildFile section */
		639E77312AFB227C004C7691 /* AppDelegate.swift in Sources */ = {isa = PBXBuildFile; fileRef = 639E77302AFB227C004C7691 /* AppDelegate.swift */; };
		639E77332AFB227C004C7691 /* SceneDelegate.swift in Sources */ = {isa = PBXBuildFile; fileRef = 639E77322AFB227C004C7691 /* SceneDelegate.swift */; };
		639E77352AFB227C004C7691 /* ViewController.swift in Sources */ = {isa = PBXBuildFile; fileRef = 639E77342AFB227C004C7691 /* ViewController.swift */; };
		639E77382AFB227C004C7691 /* Main.storyboard in Resources */ = {isa = PBXBuildFile; fileRef = 639E77362AFB227C004C7691 /* Main.storyboard */; };
		639E773A2AFB227F004C7691 /* Assets.xcassets in Resources */ = {isa = PBXBuildFile; fileRef = 639E77392AFB227F004C7691 /* Assets.xcassets */; };
		639E773D2AFB227F004C7691 /* LaunchScreen.storyboard in Resources */ = {isa = PBXBuildFile; fileRef = 639E773B2AFB227F004C7691 /* LaunchScreen.storyboard */; };
		639E77452AFB237B004C7691 /* HomeScreenViewController.swift in Sources */ = {isa = PBXBuildFile; fileRef = 639E77442AFB237B004C7691 /* HomeScreenViewController.swift */; };
		639E77482AFB2980004C7691 /* Barlow-Light.ttf in Resources */ = {isa = PBXBuildFile; fileRef = 639E77462AFB2448004C7691 /* Barlow-Light.ttf */; };
		639E77492AFB2983004C7691 /* Barlow-Medium.ttf in Resources */ = {isa = PBXBuildFile; fileRef = 639E77472AFB2451004C7691 /* Barlow-Medium.ttf */; };
		639E774F2AFC03A3004C7691 /* TeamsViewController.swift in Sources */ = {isa = PBXBuildFile; fileRef = 639E774E2AFC03A3004C7691 /* TeamsViewController.swift */; };
		639E77542AFC11E7004C7691 /* Team.swift in Sources */ = {isa = PBXBuildFile; fileRef = 639E77532AFC11E7004C7691 /* Team.swift */; };
		639E77562AFC36FD004C7691 /* TeamCell.swift in Sources */ = {isa = PBXBuildFile; fileRef = 639E77552AFC36FC004C7691 /* TeamCell.swift */; };
		639E77592AFC48CB004C7691 /* Nuke in Frameworks */ = {isa = PBXBuildFile; productRef = 639E77582AFC48CB004C7691 /* Nuke */; };
/* End PBXBuildFile section */

/* Begin PBXFileReference section */
		639E772D2AFB227C004C7691 /* ios101-capstone-afrigoal.app */ = {isa = PBXFileReference; explicitFileType = wrapper.application; includeInIndex = 0; path = "ios101-capstone-afrigoal.app"; sourceTree = BUILT_PRODUCTS_DIR; };
		639E77302AFB227C004C7691 /* AppDelegate.swift */ = {isa = PBXFileReference; lastKnownFileType = sourcecode.swift; path = AppDelegate.swift; sourceTree = "<group>"; };
		639E77322AFB227C004C7691 /* SceneDelegate.swift */ = {isa = PBXFileReference; lastKnownFileType = sourcecode.swift; path = SceneDelegate.swift; sourceTree = "<group>"; };
		639E77342AFB227C004C7691 /* ViewController.swift */ = {isa = PBXFileReference; lastKnownFileType = sourcecode.swift; path = ViewController.swift; sourceTree = "<group>"; };
		639E77372AFB227C004C7691 /* Base */ = {isa = PBXFileReference; lastKnownFileType = file.storyboard; name = Base; path = Base.lproj/Main.storyboard; sourceTree = "<group>"; };
		639E77392AFB227F004C7691 /* Assets.xcassets */ = {isa = PBXFileReference; lastKnownFileType = folder.assetcatalog; path = Assets.xcassets; sourceTree = "<group>"; };
		639E773C2AFB227F004C7691 /* Base */ = {isa = PBXFileReference; lastKnownFileType = file.storyboard; name = Base; path = Base.lproj/LaunchScreen.storyboard; sourceTree = "<group>"; };
		639E773E2AFB227F004C7691 /* Info.plist */ = {isa = PBXFileReference; lastKnownFileType = text.plist.xml; path = Info.plist; sourceTree = "<group>"; };
		639E77442AFB237B004C7691 /* HomeScreenViewController.swift */ = {isa = PBXFileReference; fileEncoding = 4; lastKnownFileType = sourcecode.swift; path = HomeScreenViewController.swift; sourceTree = SOURCE_ROOT; };
		639E77462AFB2448004C7691 /* Barlow-Light.ttf */ = {isa = PBXFileReference; lastKnownFileType = file; path = "Barlow-Light.ttf"; sourceTree = "<group>"; };
		639E77472AFB2451004C7691 /* Barlow-Medium.ttf */ = {isa = PBXFileReference; lastKnownFileType = file; path = "Barlow-Medium.ttf"; sourceTree = "<group>"; };
		639E774E2AFC03A3004C7691 /* TeamsViewController.swift */ = {isa = PBXFileReference; lastKnownFileType = sourcecode.swift; path = TeamsViewController.swift; sourceTree = "<group>"; };
		639E77532AFC11E7004C7691 /* Team.swift */ = {isa = PBXFileReference; lastKnownFileType = sourcecode.swift; path = Team.swift; sourceTree = "<group>"; };
		639E77552AFC36FC004C7691 /* TeamCell.swift */ = {isa = PBXFileReference; lastKnownFileType = sourcecode.swift; path = TeamCell.swift; sourceTree = "<group>"; };
/* End PBXFileReference section */

/* Begin PBXFrameworksBuildPhase section */
		639E772A2AFB227C004C7691 /* Frameworks */ = {
			isa = PBXFrameworksBuildPhase;
			buildActionMask = 2147483647;
			files = (
				639E77592AFC48CB004C7691 /* Nuke in Frameworks */,
			);
			runOnlyForDeploymentPostprocessing = 0;
		};
/* End PBXFrameworksBuildPhase section */

/* Begin PBXGroup section */
		639E77242AFB227C004C7691 = {
			isa = PBXGroup;
			children = (
				639E77462AFB2448004C7691 /* Barlow-Light.ttf */,
				639E77472AFB2451004C7691 /* Barlow-Medium.ttf */,
				639E772F2AFB227C004C7691 /* ios101-capstone-afrigoal */,
				639E772E2AFB227C004C7691 /* Products */,
			);
			sourceTree = "<group>";
		};
		639E772E2AFB227C004C7691 /* Products */ = {
			isa = PBXGroup;
			children = (
				639E772D2AFB227C004C7691 /* ios101-capstone-afrigoal.app */,
			);
			name = Products;
			sourceTree = "<group>";
		};
		639E772F2AFB227C004C7691 /* ios101-capstone-afrigoal */ = {
			isa = PBXGroup;
			children = (
				639E77302AFB227C004C7691 /* AppDelegate.swift */,
				639E77322AFB227C004C7691 /* SceneDelegate.swift */,
				639E774E2AFC03A3004C7691 /* TeamsViewController.swift */,
				639E77532AFC11E7004C7691 /* Team.swift */,
				639E77342AFB227C004C7691 /* ViewController.swift */,
				639E77442AFB237B004C7691 /* HomeScreenViewController.swift */,
				639E77362AFB227C004C7691 /* Main.storyboard */,
				639E77552AFC36FC004C7691 /* TeamCell.swift */,
				639E77392AFB227F004C7691 /* Assets.xcassets */,
				639E773B2AFB227F004C7691 /* LaunchScreen.storyboard */,
				639E773E2AFB227F004C7691 /* Info.plist */,
			);
			path = "ios101-capstone-afrigoal";
			sourceTree = "<group>";
		};
/* End PBXGroup section */

/* Begin PBXNativeTarget section */
		639E772C2AFB227C004C7691 /* ios101-capstone-afrigoal */ = {
			isa = PBXNativeTarget;
			buildConfigurationList = 639E77412AFB227F004C7691 /* Build configuration list for PBXNativeTarget "ios101-capstone-afrigoal" */;
			buildPhases = (
				639E77292AFB227C004C7691 /* Sources */,
				639E772A2AFB227C004C7691 /* Frameworks */,
				639E772B2AFB227C004C7691 /* Resources */,
			);
			buildRules = (
			);
			dependencies = (
			);
			name = "ios101-capstone-afrigoal";
			packageProductDependencies = (
				639E77582AFC48CB004C7691 /* Nuke */,
			);
			productName = "ios101-capstone-afrigoal";
			productReference = 639E772D2AFB227C004C7691 /* ios101-capstone-afrigoal.app */;
			productType = "com.apple.product-type.application";
		};
/* End PBXNativeTarget section */

/* Begin PBXProject section */
		639E77252AFB227C004C7691 /* Project object */ = {
			isa = PBXProject;
			attributes = {
				BuildIndependentTargetsInParallel = 1;
				LastSwiftUpdateCheck = 1500;
				LastUpgradeCheck = 1500;
				TargetAttributes = {
					639E772C2AFB227C004C7691 = {
						CreatedOnToolsVersion = 15.0.1;
					};
				};
			};
			buildConfigurationList = 639E77282AFB227C004C7691 /* Build configuration list for PBXProject "ios101-capstone-afrigoal" */;
			compatibilityVersion = "Xcode 14.0";
			developmentRegion = en;
			hasScannedForEncodings = 0;
			knownRegions = (
				en,
				Base,
			);
			mainGroup = 639E77242AFB227C004C7691;
			packageReferences = (
				639E77572AFC48CB004C7691 /* XCRemoteSwiftPackageReference "Nuke" */,
			);
			productRefGroup = 639E772E2AFB227C004C7691 /* Products */;
			projectDirPath = "";
			projectRoot = "";
			targets = (
				639E772C2AFB227C004C7691 /* ios101-capstone-afrigoal */,
			);
		};
/* End PBXProject section */

/* Begin PBXResourcesBuildPhase section */
		639E772B2AFB227C004C7691 /* Resources */ = {
			isa = PBXResourcesBuildPhase;
			buildActionMask = 2147483647;
			files = (
				639E77492AFB2983004C7691 /* Barlow-Medium.ttf in Resources */,
				639E77482AFB2980004C7691 /* Barlow-Light.ttf in Resources */,
				639E773D2AFB227F004C7691 /* LaunchScreen.storyboard in Resources */,
				639E773A2AFB227F004C7691 /* Assets.xcassets in Resources */,
				639E77382AFB227C004C7691 /* Main.storyboard in Resources */,
			);
			runOnlyForDeploymentPostprocessing = 0;
		};
/* End PBXResourcesBuildPhase section */

/* Begin PBXSourcesBuildPhase section */
		639E77292AFB227C004C7691 /* Sources */ = {
			isa = PBXSourcesBuildPhase;
			buildActionMask = 2147483647;
			files = (
				639E77562AFC36FD004C7691 /* TeamCell.swift in Sources */,
				639E77352AFB227C004C7691 /* ViewController.swift in Sources */,
				639E77542AFC11E7004C7691 /* Team.swift in Sources */,
				639E77452AFB237B004C7691 /* HomeScreenViewController.swift in Sources */,
				639E77312AFB227C004C7691 /* AppDelegate.swift in Sources */,
				639E774F2AFC03A3004C7691 /* TeamsViewController.swift in Sources */,
				639E77332AFB227C004C7691 /* SceneDelegate.swift in Sources */,
			);
			runOnlyForDeploymentPostprocessing = 0;
		};
/* End PBXSourcesBuildPhase section */

/* Begin PBXVariantGroup section */
		639E77362AFB227C004C7691 /* Main.storyboard */ = {
			isa = PBXVariantGroup;
			children = (
				639E77372AFB227C004C7691 /* Base */,
			);
			name = Main.storyboard;
			sourceTree = "<group>";
		};
		639E773B2AFB227F004C7691 /* LaunchScreen.storyboard */ = {
			isa = PBXVariantGroup;
			children = (
				639E773C2AFB227F004C7691 /* Base */,
			);
			name = LaunchScreen.storyboard;
			sourceTree = "<group>";
		};
/* End PBXVariantGroup section */

/* Begin XCBuildConfiguration section */
		639E773F2AFB227F004C7691 /* Debug */ = {
			isa = XCBuildConfiguration;
			buildSettings = {
				ALWAYS_SEARCH_USER_PATHS = NO;
				ASSETCATALOG_COMPILER_GENERATE_SWIFT_ASSET_SYMBOL_EXTENSIONS = YES;
				CLANG_ANALYZER_NONNULL = YES;
				CLANG_ANALYZER_NUMBER_OBJECT_CONVERSION = YES_AGGRESSIVE;
				CLANG_CXX_LANGUAGE_STANDARD = "gnu++20";
				CLANG_ENABLE_MODULES = YES;
				CLANG_ENABLE_OBJC_ARC = YES;
				CLANG_ENABLE_OBJC_WEAK = YES;
				CLANG_WARN_BLOCK_CAPTURE_AUTORELEASING = YES;
				CLANG_WARN_BOOL_CONVERSION = YES;
				CLANG_WARN_COMMA = YES;
				CLANG_WARN_CONSTANT_CONVERSION = YES;
				CLANG_WARN_DEPRECATED_OBJC_IMPLEMENTATIONS = YES;
				CLANG_WARN_DIRECT_OBJC_ISA_USAGE = YES_ERROR;
				CLANG_WARN_DOCUMENTATION_COMMENTS = YES;
				CLANG_WARN_EMPTY_BODY = YES;
				CLANG_WARN_ENUM_CONVERSION = YES;
				CLANG_WARN_INFINITE_RECURSION = YES;
				CLANG_WARN_INT_CONVERSION = YES;
				CLANG_WARN_NON_LITERAL_NULL_CONVERSION = YES;
				CLANG_WARN_OBJC_IMPLICIT_RETAIN_SELF = YES;
				CLANG_WARN_OBJC_LITERAL_CONVERSION = YES;
				CLANG_WARN_OBJC_ROOT_CLASS = YES_ERROR;
				CLANG_WARN_QUOTED_INCLUDE_IN_FRAMEWORK_HEADER = YES;
				CLANG_WARN_RANGE_LOOP_ANALYSIS = YES;
				CLANG_WARN_STRICT_PROTOTYPES = YES;
				CLANG_WARN_SUSPICIOUS_MOVE = YES;
				CLANG_WARN_UNGUARDED_AVAILABILITY = YES_AGGRESSIVE;
				CLANG_WARN_UNREACHABLE_CODE = YES;
				CLANG_WARN__DUPLICATE_METHOD_MATCH = YES;
				COPY_PHASE_STRIP = NO;
				DEBUG_INFORMATION_FORMAT = dwarf;
				ENABLE_STRICT_OBJC_MSGSEND = YES;
				ENABLE_TESTABILITY = YES;
				ENABLE_USER_SCRIPT_SANDBOXING = YES;
				GCC_C_LANGUAGE_STANDARD = gnu17;
				GCC_DYNAMIC_NO_PIC = NO;
				GCC_NO_COMMON_BLOCKS = YES;
				GCC_OPTIMIZATION_LEVEL = 0;
				GCC_PREPROCESSOR_DEFINITIONS = (
					"DEBUG=1",
					"$(inherited)",
				);
				GCC_WARN_64_TO_32_BIT_CONVERSION = YES;
				GCC_WARN_ABOUT_RETURN_TYPE = YES_ERROR;
				GCC_WARN_UNDECLARED_SELECTOR = YES;
				GCC_WARN_UNINITIALIZED_AUTOS = YES_AGGRESSIVE;
				GCC_WARN_UNUSED_FUNCTION = YES;
				GCC_WARN_UNUSED_VARIABLE = YES;
				IPHONEOS_DEPLOYMENT_TARGET = 17.0;
				LOCALIZATION_PREFERS_STRING_CATALOGS = YES;
				MTL_ENABLE_DEBUG_INFO = INCLUDE_SOURCE;
				MTL_FAST_MATH = YES;
				ONLY_ACTIVE_ARCH = YES;
				SDKROOT = iphoneos;
				SWIFT_ACTIVE_COMPILATION_CONDITIONS = "DEBUG $(inherited)";
				SWIFT_OPTIMIZATION_LEVEL = "-Onone";
			};
			name = Debug;
		};
		639E77402AFB227F004C7691 /* Release */ = {
			isa = XCBuildConfiguration;
			buildSettings = {
				ALWAYS_SEARCH_USER_PATHS = NO;
				ASSETCATALOG_COMPILER_GENERATE_SWIFT_ASSET_SYMBOL_EXTENSIONS = YES;
				CLANG_ANALYZER_NONNULL = YES;
				CLANG_ANALYZER_NUMBER_OBJECT_CONVERSION = YES_AGGRESSIVE;
				CLANG_CXX_LANGUAGE_STANDARD = "gnu++20";
				CLANG_ENABLE_MODULES = YES;
				CLANG_ENABLE_OBJC_ARC = YES;
				CLANG_ENABLE_OBJC_WEAK = YES;
				CLANG_WARN_BLOCK_CAPTURE_AUTORELEASING = YES;
				CLANG_WARN_BOOL_CONVERSION = YES;
				CLANG_WARN_COMMA = YES;
				CLANG_WARN_CONSTANT_CONVERSION = YES;
				CLANG_WARN_DEPRECATED_OBJC_IMPLEMENTATIONS = YES;
				CLANG_WARN_DIRECT_OBJC_ISA_USAGE = YES_ERROR;
				CLANG_WARN_DOCUMENTATION_COMMENTS = YES;
				CLANG_WARN_EMPTY_BODY = YES;
				CLANG_WARN_ENUM_CONVERSION = YES;
				CLANG_WARN_INFINITE_RECURSION = YES;
				CLANG_WARN_INT_CONVERSION = YES;
				CLANG_WARN_NON_LITERAL_NULL_CONVERSION = YES;
				CLANG_WARN_OBJC_IMPLICIT_RETAIN_SELF = YES;
				CLANG_WARN_OBJC_LITERAL_CONVERSION = YES;
				CLANG_WARN_OBJC_ROOT_CLASS = YES_ERROR;
				CLANG_WARN_QUOTED_INCLUDE_IN_FRAMEWORK_HEADER = YES;
				CLANG_WARN_RANGE_LOOP_ANALYSIS = YES;
				CLANG_WARN_STRICT_PROTOTYPES = YES;
				CLANG_WARN_SUSPICIOUS_MOVE = YES;
				CLANG_WARN_UNGUARDED_AVAILABILITY = YES_AGGRESSIVE;
				CLANG_WARN_UNREACHABLE_CODE = YES;
				CLANG_WARN__DUPLICATE_METHOD_MATCH = YES;
				COPY_PHASE_STRIP = NO;
				DEBUG_INFORMATION_FORMAT = "dwarf-with-dsym";
				ENABLE_NS_ASSERTIONS = NO;
				ENABLE_STRICT_OBJC_MSGSEND = YES;
				ENABLE_USER_SCRIPT_SANDBOXING = YES;
				GCC_C_LANGUAGE_STANDARD = gnu17;
				GCC_NO_COMMON_BLOCKS = YES;
				GCC_WARN_64_TO_32_BIT_CONVERSION = YES;
				GCC_WARN_ABOUT_RETURN_TYPE = YES_ERROR;
				GCC_WARN_UNDECLARED_SELECTOR = YES;
				GCC_WARN_UNINITIALIZED_AUTOS = YES_AGGRESSIVE;
				GCC_WARN_UNUSED_FUNCTION = YES;
				GCC_WARN_UNUSED_VARIABLE = YES;
				IPHONEOS_DEPLOYMENT_TARGET = 17.0;
				LOCALIZATION_PREFERS_STRING_CATALOGS = YES;
				MTL_ENABLE_DEBUG_INFO = NO;
				MTL_FAST_MATH = YES;
				SDKROOT = iphoneos;
				SWIFT_COMPILATION_MODE = wholemodule;
				VALIDATE_PRODUCT = YES;
			};
			name = Release;
		};
		639E77422AFB227F004C7691 /* Debug */ = {
			isa = XCBuildConfiguration;
			buildSettings = {
				ASSETCATALOG_COMPILER_APPICON_NAME = AppIcon;
				ASSETCATALOG_COMPILER_GLOBAL_ACCENT_COLOR_NAME = AccentColor;
				CODE_SIGN_STYLE = Automatic;
				CURRENT_PROJECT_VERSION = 1;
				GENERATE_INFOPLIST_FILE = YES;
				INFOPLIST_FILE = "ios101-capstone-afrigoal/Info.plist";
				INFOPLIST_KEY_UIApplicationSupportsIndirectInputEvents = YES;
				INFOPLIST_KEY_UILaunchStoryboardName = LaunchScreen;
				INFOPLIST_KEY_UIMainStoryboardFile = Main;
				INFOPLIST_KEY_UISupportedInterfaceOrientations_iPad = "UIInterfaceOrientationPortrait UIInterfaceOrientationPortraitUpsideDown UIInterfaceOrientationLandscapeLeft UIInterfaceOrientationLandscapeRight";
				INFOPLIST_KEY_UISupportedInterfaceOrientations_iPhone = "UIInterfaceOrientationPortrait UIInterfaceOrientationLandscapeLeft UIInterfaceOrientationLandscapeRight";
				LD_RUNPATH_SEARCH_PATHS = (
					"$(inherited)",
					"@executable_path/Frameworks",
				);
				MARKETING_VERSION = 1.0;
				PRODUCT_BUNDLE_IDENTIFIER = "qetsia.ios101-capstone-afrigoal";
				PRODUCT_NAME = "$(TARGET_NAME)";
				SWIFT_EMIT_LOC_STRINGS = YES;
				SWIFT_VERSION = 5.0;
				TARGETED_DEVICE_FAMILY = "1,2";
			};
			name = Debug;
		};
		639E77432AFB227F004C7691 /* Release */ = {
			isa = XCBuildConfiguration;
			buildSettings = {
				ASSETCATALOG_COMPILER_APPICON_NAME = AppIcon;
				ASSETCATALOG_COMPILER_GLOBAL_ACCENT_COLOR_NAME = AccentColor;
				CODE_SIGN_STYLE = Automatic;
				CURRENT_PROJECT_VERSION = 1;
				GENERATE_INFOPLIST_FILE = YES;
				INFOPLIST_FILE = "ios101-capstone-afrigoal/Info.plist";
				INFOPLIST_KEY_UIApplicationSupportsIndirectInputEvents = YES;
				INFOPLIST_KEY_UILaunchStoryboardName = LaunchScreen;
				INFOPLIST_KEY_UIMainStoryboardFile = Main;
				INFOPLIST_KEY_UISupportedInterfaceOrientations_iPad = "UIInterfaceOrientationPortrait UIInterfaceOrientationPortraitUpsideDown UIInterfaceOrientationLandscapeLeft UIInterfaceOrientationLandscapeRight";
				INFOPLIST_KEY_UISupportedInterfaceOrientations_iPhone = "UIInterfaceOrientationPortrait UIInterfaceOrientationLandscapeLeft UIInterfaceOrientationLandscapeRight";
				LD_RUNPATH_SEARCH_PATHS = (
					"$(inherited)",
					"@executable_path/Frameworks",
				);
				MARKETING_VERSION = 1.0;
				PRODUCT_BUNDLE_IDENTIFIER = "qetsia.ios101-capstone-afrigoal";
				PRODUCT_NAME = "$(TARGET_NAME)";
				SWIFT_EMIT_LOC_STRINGS = YES;
				SWIFT_VERSION = 5.0;
				TARGETED_DEVICE_FAMILY = "1,2";
			};
			name = Release;
		};
/* End XCBuildConfiguration section */

/* Begin XCConfigurationList section */
		639E77282AFB227C004C7691 /* Build configuration list for PBXProject "ios101-capstone-afrigoal" */ = {
			isa = XCConfigurationList;
			buildConfigurations = (
				639E773F2AFB227F004C7691 /* Debug */,
				639E77402AFB227F004C7691 /* Release */,
			);
			defaultConfigurationIsVisible = 0;
			defaultConfigurationName = Release;
		};
		639E77412AFB227F004C7691 /* Build configuration list for PBXNativeTarget "ios101-capstone-afrigoal" */ = {
			isa = XCConfigurationList;
			buildConfigurations = (
				639E77422AFB227F004C7691 /* Debug */,
				639E77432AFB227F004C7691 /* Release */,
			);
			defaultConfigurationIsVisible = 0;
			defaultConfigurationName = Release;
		};
/* End XCConfigurationList section */

/* Begin XCRemoteSwiftPackageReference section */
		639E77572AFC48CB004C7691 /* XCRemoteSwiftPackageReference "Nuke" */ = {
			isa = XCRemoteSwiftPackageReference;
			repositoryURL = "https://github.com/kean/Nuke.git";
			requirement = {
				kind = upToNextMajorVersion;
				minimumVersion = 9.6.1;
			};
		};
/* End XCRemoteSwiftPackageReference section */

/* Begin XCSwiftPackageProductDependency section */
		639E77582AFC48CB004C7691 /* Nuke */ = {
			isa = XCSwiftPackageProductDependency;
			package = 639E77572AFC48CB004C7691 /* XCRemoteSwiftPackageReference "Nuke" */;
			productName = Nuke;
		};
/* End XCSwiftPackageProductDependency section */
	};
	rootObject = 639E77252AFB227C004C7691 /* Project object */;
}
